// !$*UTF8*$!
{
	archiveVersion = 1;
	classes = {
	};
	objectVersion = 46;
	objects = {

/* Begin PBXBuildFile section */
		AB7CDF261C72538D000C9C74 /* AppDelegate.swift in Sources */ = {isa = PBXBuildFile; fileRef = AB7CDF251C72538D000C9C74 /* AppDelegate.swift */; };
		AB7CDF281C72538D000C9C74 /* MealViewController.swift in Sources */ = {isa = PBXBuildFile; fileRef = AB7CDF271C72538D000C9C74 /* MealViewController.swift */; };
		AB7CDF2B1C72538D000C9C74 /* Main.storyboard in Resources */ = {isa = PBXBuildFile; fileRef = AB7CDF291C72538D000C9C74 /* Main.storyboard */; };
		AB7CDF2D1C72538D000C9C74 /* Assets.xcassets in Resources */ = {isa = PBXBuildFile; fileRef = AB7CDF2C1C72538D000C9C74 /* Assets.xcassets */; };
		AB7CDF301C72538D000C9C74 /* LaunchScreen.storyboard in Resources */ = {isa = PBXBuildFile; fileRef = AB7CDF2E1C72538D000C9C74 /* LaunchScreen.storyboard */; };
		AB7CDF3B1C72538D000C9C74 /* FoodTracker1Tests.swift in Sources */ = {isa = PBXBuildFile; fileRef = AB7CDF3A1C72538D000C9C74 /* FoodTracker1Tests.swift */; };
		AB7CDF461C726CB2000C9C74 /* meal1.png in Resources */ = {isa = PBXBuildFile; fileRef = AB7CDF451C726CB2000C9C74 /* meal1.png */; };
		AB7CDF481C726CC1000C9C74 /* defaultPhoto.png in Resources */ = {isa = PBXBuildFile; fileRef = AB7CDF471C726CC1000C9C74 /* defaultPhoto.png */; };
		AB7CDF4A1C727852000C9C74 /* RatingControl.swift in Sources */ = {isa = PBXBuildFile; fileRef = AB7CDF491C727852000C9C74 /* RatingControl.swift */; };
		AB7CDF4C1C728539000C9C74 /* emptyStar.png in Resources */ = {isa = PBXBuildFile; fileRef = AB7CDF4B1C728539000C9C74 /* emptyStar.png */; };
		AB7CDF4E1C728576000C9C74 /* filledStar.png in Resources */ = {isa = PBXBuildFile; fileRef = AB7CDF4D1C728576000C9C74 /* filledStar.png */; };
		AB7CDF501C72914C000C9C74 /* Meal.swift in Sources */ = {isa = PBXBuildFile; fileRef = AB7CDF4F1C72914C000C9C74 /* Meal.swift */; };
		AB7CDF511C72914C000C9C74 /* Meal.swift in Sources */ = {isa = PBXBuildFile; fileRef = AB7CDF4F1C72914C000C9C74 /* Meal.swift */; };
		AB7CDF531C729A6C000C9C74 /* MealTableViewCell.swift in Sources */ = {isa = PBXBuildFile; fileRef = AB7CDF521C729A6C000C9C74 /* MealTableViewCell.swift */; };
		AB7CDF541C729A6C000C9C74 /* MealTableViewCell.swift in Sources */ = {isa = PBXBuildFile; fileRef = AB7CDF521C729A6C000C9C74 /* MealTableViewCell.swift */; };
		AB7CDF571C729FE9000C9C74 /* meal2.png in Resources */ = {isa = PBXBuildFile; fileRef = AB7CDF551C729FE9000C9C74 /* meal2.png */; };
		AB7CDF581C729FE9000C9C74 /* meal2.png in Resources */ = {isa = PBXBuildFile; fileRef = AB7CDF551C729FE9000C9C74 /* meal2.png */; };
		AB7CDF591C729FE9000C9C74 /* meal3.png in Resources */ = {isa = PBXBuildFile; fileRef = AB7CDF561C729FE9000C9C74 /* meal3.png */; };
		AB7CDF5A1C729FE9000C9C74 /* meal3.png in Resources */ = {isa = PBXBuildFile; fileRef = AB7CDF561C729FE9000C9C74 /* meal3.png */; };
		AB7CDF5C1C72A2C5000C9C74 /* MealTableViewController.swift in Sources */ = {isa = PBXBuildFile; fileRef = AB7CDF5B1C72A2C5000C9C74 /* MealTableViewController.swift */; };
		AB7CDF5D1C72A2C5000C9C74 /* MealTableViewController.swift in Sources */ = {isa = PBXBuildFile; fileRef = AB7CDF5B1C72A2C5000C9C74 /* MealTableViewController.swift */; };
/* End PBXBuildFile section */

/* Begin PBXContainerItemProxy section */
		AB7CDF371C72538D000C9C74 /* PBXContainerItemProxy */ = {
			isa = PBXContainerItemProxy;
			containerPortal = AB7CDF1A1C72538D000C9C74 /* Project object */;
			proxyType = 1;
			remoteGlobalIDString = AB7CDF211C72538D000C9C74;
			remoteInfo = FoodTracker1;
		};
/* End PBXContainerItemProxy section */

/* Begin PBXFileReference section */
		AB7CDF221C72538D000C9C74 /* FoodTracker1.app */ = {isa = PBXFileReference; explicitFileType = wrapper.application; includeInIndex = 0; path = FoodTracker1.app; sourceTree = BUILT_PRODUCTS_DIR; };
		AB7CDF251C72538D000C9C74 /* AppDelegate.swift */ = {isa = PBXFileReference; lastKnownFileType = sourcecode.swift; path = AppDelegate.swift; sourceTree = "<group>"; };
		AB7CDF271C72538D000C9C74 /* MealViewController.swift */ = {isa = PBXFileReference; lastKnownFileType = sourcecode.swift; path = MealViewController.swift; sourceTree = "<group>"; };
		AB7CDF2A1C72538D000C9C74 /* Base */ = {isa = PBXFileReference; lastKnownFileType = file.storyboard; name = Base; path = Base.lproj/Main.storyboard; sourceTree = "<group>"; };
		AB7CDF2C1C72538D000C9C74 /* Assets.xcassets */ = {isa = PBXFileReference; lastKnownFileType = folder.assetcatalog; path = Assets.xcassets; sourceTree = "<group>"; };
		AB7CDF2F1C72538D000C9C74 /* Base */ = {isa = PBXFileReference; lastKnownFileType = file.storyboard; name = Base; path = Base.lproj/LaunchScreen.storyboard; sourceTree = "<group>"; };
		AB7CDF311C72538D000C9C74 /* Info.plist */ = {isa = PBXFileReference; lastKnownFileType = text.plist.xml; path = Info.plist; sourceTree = "<group>"; };
		AB7CDF361C72538D000C9C74 /* FoodTracker1Tests.xctest */ = {isa = PBXFileReference; explicitFileType = wrapper.cfbundle; includeInIndex = 0; path = FoodTracker1Tests.xctest; sourceTree = BUILT_PRODUCTS_DIR; };
		AB7CDF3A1C72538D000C9C74 /* FoodTracker1Tests.swift */ = {isa = PBXFileReference; lastKnownFileType = sourcecode.swift; path = FoodTracker1Tests.swift; sourceTree = "<group>"; };
		AB7CDF3C1C72538D000C9C74 /* Info.plist */ = {isa = PBXFileReference; lastKnownFileType = text.plist.xml; path = Info.plist; sourceTree = "<group>"; };
		AB7CDF451C726CB2000C9C74 /* meal1.png */ = {isa = PBXFileReference; lastKnownFileType = image.png; path = meal1.png; sourceTree = "<group>"; };
		AB7CDF471C726CC1000C9C74 /* defaultPhoto.png */ = {isa = PBXFileReference; lastKnownFileType = image.png; path = defaultPhoto.png; sourceTree = "<group>"; };
		AB7CDF491C727852000C9C74 /* RatingControl.swift */ = {isa = PBXFileReference; fileEncoding = 4; lastKnownFileType = sourcecode.swift; path = RatingControl.swift; sourceTree = "<group>"; };
		AB7CDF4B1C728539000C9C74 /* emptyStar.png */ = {isa = PBXFileReference; lastKnownFileType = image.png; path = emptyStar.png; sourceTree = "<group>"; };
		AB7CDF4D1C728576000C9C74 /* filledStar.png */ = {isa = PBXFileReference; lastKnownFileType = image.png; path = filledStar.png; sourceTree = "<group>"; };
		AB7CDF4F1C72914C000C9C74 /* Meal.swift */ = {isa = PBXFileReference; fileEncoding = 4; lastKnownFileType = sourcecode.swift; path = Meal.swift; sourceTree = "<group>"; };
		AB7CDF521C729A6C000C9C74 /* MealTableViewCell.swift */ = {isa = PBXFileReference; fileEncoding = 4; lastKnownFileType = sourcecode.swift; path = MealTableViewCell.swift; sourceTree = "<group>"; };
		AB7CDF551C729FE9000C9C74 /* meal2.png */ = {isa = PBXFileReference; lastKnownFileType = image.png; path = meal2.png; sourceTree = "<group>"; };
		AB7CDF561C729FE9000C9C74 /* meal3.png */ = {isa = PBXFileReference; lastKnownFileType = image.png; path = meal3.png; sourceTree = "<group>"; };
		AB7CDF5B1C72A2C5000C9C74 /* MealTableViewController.swift */ = {isa = PBXFileReference; fileEncoding = 4; lastKnownFileType = sourcecode.swift; path = MealTableViewController.swift; sourceTree = "<group>"; };
/* End PBXFileReference section */

/* Begin PBXFrameworksBuildPhase section */
		AB7CDF1F1C72538D000C9C74 /* Frameworks */ = {
			isa = PBXFrameworksBuildPhase;
			buildActionMask = 2147483647;
			files = (
			);
			runOnlyForDeploymentPostprocessing = 0;
		};
		AB7CDF331C72538D000C9C74 /* Frameworks */ = {
			isa = PBXFrameworksBuildPhase;
			buildActionMask = 2147483647;
			files = (
			);
			runOnlyForDeploymentPostprocessing = 0;
		};
/* End PBXFrameworksBuildPhase section */

/* Begin PBXGroup section */
		AB7CDF191C72538D000C9C74 = {
			isa = PBXGroup;
			children = (
				AB7CDF241C72538D000C9C74 /* FoodTracker1 */,
				AB7CDF391C72538D000C9C74 /* FoodTracker1Tests */,
				AB7CDF231C72538D000C9C74 /* Products */,
			);
			sourceTree = "<group>";
		};
		AB7CDF231C72538D000C9C74 /* Products */ = {
			isa = PBXGroup;
			children = (
				AB7CDF221C72538D000C9C74 /* FoodTracker1.app */,
				AB7CDF361C72538D000C9C74 /* FoodTracker1Tests.xctest */,
			);
			name = Products;
			sourceTree = "<group>";
		};
		AB7CDF241C72538D000C9C74 /* FoodTracker1 */ = {
			isa = PBXGroup;
			children = (
				AB7CDF251C72538D000C9C74 /* AppDelegate.swift */,
				AB7CDF271C72538D000C9C74 /* MealViewController.swift */,
				AB7CDF491C727852000C9C74 /* RatingControl.swift */,
				AB7CDF5B1C72A2C5000C9C74 /* MealTableViewController.swift */,
				AB7CDF291C72538D000C9C74 /* Main.storyboard */,
				AB7CDF521C729A6C000C9C74 /* MealTableViewCell.swift */,
				AB7CDF4F1C72914C000C9C74 /* Meal.swift */,
				AB7CDF2C1C72538D000C9C74 /* Assets.xcassets */,
				AB7CDF2E1C72538D000C9C74 /* LaunchScreen.storyboard */,
				AB7CDF311C72538D000C9C74 /* Info.plist */,
				AB7CDF551C729FE9000C9C74 /* meal2.png */,
				AB7CDF561C729FE9000C9C74 /* meal3.png */,
				AB7CDF471C726CC1000C9C74 /* defaultPhoto.png */,
				AB7CDF451C726CB2000C9C74 /* meal1.png */,
				AB7CDF4D1C728576000C9C74 /* filledStar.png */,
				AB7CDF4B1C728539000C9C74 /* emptyStar.png */,
			);
			path = FoodTracker1;
			sourceTree = "<group>";
		};
		AB7CDF391C72538D000C9C74 /* FoodTracker1Tests */ = {
			isa = PBXGroup;
			children = (
				AB7CDF3A1C72538D000C9C74 /* FoodTracker1Tests.swift */,
				AB7CDF3C1C72538D000C9C74 /* Info.plist */,
			);
			path = FoodTracker1Tests;
			sourceTree = "<group>";
		};
/* End PBXGroup section */

/* Begin PBXNativeTarget section */
		AB7CDF211C72538D000C9C74 /* FoodTracker1 */ = {
			isa = PBXNativeTarget;
			buildConfigurationList = AB7CDF3F1C72538D000C9C74 /* Build configuration list for PBXNativeTarget "FoodTracker1" */;
			buildPhases = (
				AB7CDF1E1C72538D000C9C74 /* Sources */,
				AB7CDF1F1C72538D000C9C74 /* Frameworks */,
				AB7CDF201C72538D000C9C74 /* Resources */,
			);
			buildRules = (
			);
			dependencies = (
			);
			name = FoodTracker1;
			productName = FoodTracker1;
			productReference = AB7CDF221C72538D000C9C74 /* FoodTracker1.app */;
			productType = "com.apple.product-type.application";
		};
		AB7CDF351C72538D000C9C74 /* FoodTracker1Tests */ = {
			isa = PBXNativeTarget;
			buildConfigurationList = AB7CDF421C72538D000C9C74 /* Build configuration list for PBXNativeTarget "FoodTracker1Tests" */;
			buildPhases = (
				AB7CDF321C72538D000C9C74 /* Sources */,
				AB7CDF331C72538D000C9C74 /* Frameworks */,
				AB7CDF341C72538D000C9C74 /* Resources */,
			);
			buildRules = (
			);
			dependencies = (
				AB7CDF381C72538D000C9C74 /* PBXTargetDependency */,
			);
			name = FoodTracker1Tests;
			productName = FoodTracker1Tests;
			productReference = AB7CDF361C72538D000C9C74 /* FoodTracker1Tests.xctest */;
			productType = "com.apple.product-type.bundle.unit-test";
		};
/* End PBXNativeTarget section */

/* Begin PBXProject section */
		AB7CDF1A1C72538D000C9C74 /* Project object */ = {
			isa = PBXProject;
			attributes = {
				LastSwiftUpdateCheck = 0720;
				LastUpgradeCheck = 0720;
				ORGANIZATIONNAME = "Kerry Toonen";
				TargetAttributes = {
					AB7CDF211C72538D000C9C74 = {
						CreatedOnToolsVersion = 7.2.1;
						DevelopmentTeam = 9QSWA6BJVQ;
					};
					AB7CDF351C72538D000C9C74 = {
						CreatedOnToolsVersion = 7.2.1;
						DevelopmentTeam = 9QSWA6BJVQ;
						TestTargetID = AB7CDF211C72538D000C9C74;
					};
				};
			};
			buildConfigurationList = AB7CDF1D1C72538D000C9C74 /* Build configuration list for PBXProject "FoodTracker1" */;
			compatibilityVersion = "Xcode 3.2";
			developmentRegion = English;
			hasScannedForEncodings = 0;
			knownRegions = (
				en,
				Base,
			);
			mainGroup = AB7CDF191C72538D000C9C74;
			productRefGroup = AB7CDF231C72538D000C9C74 /* Products */;
			projectDirPath = "";
			projectRoot = "";
			targets = (
				AB7CDF211C72538D000C9C74 /* FoodTracker1 */,
				AB7CDF351C72538D000C9C74 /* FoodTracker1Tests */,
			);
		};
/* End PBXProject section */

/* Begin PBXResourcesBuildPhase section */
		AB7CDF201C72538D000C9C74 /* Resources */ = {
			isa = PBXResourcesBuildPhase;
			buildActionMask = 2147483647;
			files = (
				AB7CDF591C729FE9000C9C74 /* meal3.png in Resources */,
				AB7CDF481C726CC1000C9C74 /* defaultPhoto.png in Resources */,
				AB7CDF4C1C728539000C9C74 /* emptyStar.png in Resources */,
				AB7CDF461C726CB2000C9C74 /* meal1.png in Resources */,
				AB7CDF301C72538D000C9C74 /* LaunchScreen.storyboard in Resources */,
				AB7CDF2D1C72538D000C9C74 /* Assets.xcassets in Resources */,
				AB7CDF571C729FE9000C9C74 /* meal2.png in Resources */,
				AB7CDF4E1C728576000C9C74 /* filledStar.png in Resources */,
				AB7CDF2B1C72538D000C9C74 /* Main.storyboard in Resources */,
			);
			runOnlyForDeploymentPostprocessing = 0;
		};
		AB7CDF341C72538D000C9C74 /* Resources */ = {
			isa = PBXResourcesBuildPhase;
			buildActionMask = 2147483647;
			files = (
				AB7CDF5A1C729FE9000C9C74 /* meal3.png in Resources */,
				AB7CDF581C729FE9000C9C74 /* meal2.png in Resources */,
			);
			runOnlyForDeploymentPostprocessing = 0;
		};
/* End PBXResourcesBuildPhase section */

/* Begin PBXSourcesBuildPhase section */
		AB7CDF1E1C72538D000C9C74 /* Sources */ = {
			isa = PBXSourcesBuildPhase;
			buildActionMask = 2147483647;
			files = (
				AB7CDF501C72914C000C9C74 /* Meal.swift in Sources */,
				AB7CDF281C72538D000C9C74 /* MealViewController.swift in Sources */,
				AB7CDF4A1C727852000C9C74 /* RatingControl.swift in Sources */,
				AB7CDF261C72538D000C9C74 /* AppDelegate.swift in Sources */,
				AB7CDF5C1C72A2C5000C9C74 /* MealTableViewController.swift in Sources */,
				AB7CDF531C729A6C000C9C74 /* MealTableViewCell.swift in Sources */,
			);
			runOnlyForDeploymentPostprocessing = 0;
		};
		AB7CDF321C72538D000C9C74 /* Sources */ = {
			isa = PBXSourcesBuildPhase;
			buildActionMask = 2147483647;
			files = (
				AB7CDF511C72914C000C9C74 /* Meal.swift in Sources */,
				AB7CDF3B1C72538D000C9C74 /* FoodTracker1Tests.swift in Sources */,
				AB7CDF5D1C72A2C5000C9C74 /* MealTableViewController.swift in Sources */,
				AB7CDF541C729A6C000C9C74 /* MealTableViewCell.swift in Sources */,
			);
			runOnlyForDeploymentPostprocessing = 0;
		};
/* End PBXSourcesBuildPhase section */

/* Begin PBXTargetDependency section */
		AB7CDF381C72538D000C9C74 /* PBXTargetDependency */ = {
			isa = PBXTargetDependency;
			target = AB7CDF211C72538D000C9C74 /* FoodTracker1 */;
			targetProxy = AB7CDF371C72538D000C9C74 /* PBXContainerItemProxy */;
		};
/* End PBXTargetDependency section */

/* Begin PBXVariantGroup section */
		AB7CDF291C72538D000C9C74 /* Main.storyboard */ = {
			isa = PBXVariantGroup;
			children = (
				AB7CDF2A1C72538D000C9C74 /* Base */,
			);
			name = Main.storyboard;
			sourceTree = "<group>";
		};
		AB7CDF2E1C72538D000C9C74 /* LaunchScreen.storyboard */ = {
			isa = PBXVariantGroup;
			children = (
				AB7CDF2F1C72538D000C9C74 /* Base */,
			);
			name = LaunchScreen.storyboard;
			sourceTree = "<group>";
		};
/* End PBXVariantGroup section */

/* Begin XCBuildConfiguration section */
		AB7CDF3D1C72538D000C9C74 /* Debug */ = {
			isa = XCBuildConfiguration;
			buildSettings = {
				ALWAYS_SEARCH_USER_PATHS = NO;
				CLANG_CXX_LANGUAGE_STANDARD = "gnu++0x";
				CLANG_CXX_LIBRARY = "libc++";
				CLANG_ENABLE_MODULES = YES;
				CLANG_ENABLE_OBJC_ARC = YES;
				CLANG_WARN_BOOL_CONVERSION = YES;
				CLANG_WARN_CONSTANT_CONVERSION = YES;
				CLANG_WARN_DIRECT_OBJC_ISA_USAGE = YES_ERROR;
				CLANG_WARN_EMPTY_BODY = YES;
				CLANG_WARN_ENUM_CONVERSION = YES;
				CLANG_WARN_INT_CONVERSION = YES;
				CLANG_WARN_OBJC_ROOT_CLASS = YES_ERROR;
				CLANG_WARN_UNREACHABLE_CODE = YES;
				CLANG_WARN__DUPLICATE_METHOD_MATCH = YES;
				"CODE_SIGN_IDENTITY[sdk=iphoneos*]" = "iPhone Developer";
				COPY_PHASE_STRIP = NO;
				DEBUG_INFORMATION_FORMAT = dwarf;
				ENABLE_STRICT_OBJC_MSGSEND = YES;
				ENABLE_TESTABILITY = YES;
				GCC_C_LANGUAGE_STANDARD = gnu99;
				GCC_DYNAMIC_NO_PIC = NO;
				GCC_NO_COMMON_BLOCKS = YES;
				GCC_OPTIMIZATION_LEVEL = 0;
				GCC_PREPROCESSOR_DEFINITIONS = (
					"DEBUG=1",
					"$(inherited)",
				);
				GCC_WARN_64_TO_32_BIT_CONVERSION = YES;
				GCC_WARN_ABOUT_RETURN_TYPE = YES_ERROR;
				GCC_WARN_UNDECLARED_SELECTOR = YES;
				GCC_WARN_UNINITIALIZED_AUTOS = YES_AGGRESSIVE;
				GCC_WARN_UNUSED_FUNCTION = YES;
				GCC_WARN_UNUSED_VARIABLE = YES;
				IPHONEOS_DEPLOYMENT_TARGET = 9.2;
				MTL_ENABLE_DEBUG_INFO = YES;
				ONLY_ACTIVE_ARCH = YES;
				SDKROOT = iphoneos;
				SWIFT_OPTIMIZATION_LEVEL = "-Onone";
			};
			name = Debug;
		};
		AB7CDF3E1C72538D000C9C74 /* Release */ = {
			isa = XCBuildConfiguration;
			buildSettings = {
				ALWAYS_SEARCH_USER_PATHS = NO;
				CLANG_CXX_LANGUAGE_STANDARD = "gnu++0x";
				CLANG_CXX_LIBRARY = "libc++";
				CLANG_ENABLE_MODULES = YES;
				CLANG_ENABLE_OBJC_ARC = YES;
				CLANG_WARN_BOOL_CONVERSION = YES;
				CLANG_WARN_CONSTANT_CONVERSION = YES;
				CLANG_WARN_DIRECT_OBJC_ISA_USAGE = YES_ERROR;
				CLANG_WARN_EMPTY_BODY = YES;
				CLANG_WARN_ENUM_CONVERSION = YES;
				CLANG_WARN_INT_CONVERSION = YES;
				CLANG_WARN_OBJC_ROOT_CLASS = YES_ERROR;
				CLANG_WARN_UNREACHABLE_CODE = YES;
				CLANG_WARN__DUPLICATE_METHOD_MATCH = YES;
				"CODE_SIGN_IDENTITY[sdk=iphoneos*]" = "iPhone Developer";
				COPY_PHASE_STRIP = NO;
				DEBUG_INFORMATION_FORMAT = "dwarf-with-dsym";
				ENABLE_NS_ASSERTIONS = NO;
				ENABLE_STRICT_OBJC_MSGSEND = YES;
				GCC_C_LANGUAGE_STANDARD = gnu99;
				GCC_NO_COMMON_BLOCKS = YES;
				GCC_WARN_64_TO_32_BIT_CONVERSION = YES;
				GCC_WARN_ABOUT_RETURN_TYPE = YES_ERROR;
				GCC_WARN_UNDECLARED_SELECTOR = YES;
				GCC_WARN_UNINITIALIZED_AUTOS = YES_AGGRESSIVE;
				GCC_WARN_UNUSED_FUNCTION = YES;
				GCC_WARN_UNUSED_VARIABLE = YES;
				IPHONEOS_DEPLOYMENT_TARGET = 9.2;
				MTL_ENABLE_DEBUG_INFO = NO;
				SDKROOT = iphoneos;
				VALIDATE_PRODUCT = YES;
			};
			name = Release;
		};
		AB7CDF401C72538D000C9C74 /* Debug */ = {
			isa = XCBuildConfiguration;
			buildSettings = {
				ASSETCATALOG_COMPILER_APPICON_NAME = AppIcon;
				INFOPLIST_FILE = FoodTracker1/Info.plist;
				LD_RUNPATH_SEARCH_PATHS = "$(inherited) @executable_path/Frameworks";
				PRODUCT_BUNDLE_IDENTIFIER = kerrytoonen.FoodTracker1;
				PRODUCT_NAME = "$(TARGET_NAME)";
			};
			name = Debug;
		};
		AB7CDF411C72538D000C9C74 /* Release */ = {
			isa = XCBuildConfiguration;
			buildSettings = {
				ASSETCATALOG_COMPILER_APPICON_NAME = AppIcon;
				INFOPLIST_FILE = FoodTracker1/Info.plist;
				LD_RUNPATH_SEARCH_PATHS = "$(inherited) @executable_path/Frameworks";
				PRODUCT_BUNDLE_IDENTIFIER = kerrytoonen.FoodTracker1;
				PRODUCT_NAME = "$(TARGET_NAME)";
			};
			name = Release;
		};
		AB7CDF431C72538D000C9C74 /* Debug */ = {
			isa = XCBuildConfiguration;
			buildSettings = {
				BUNDLE_LOADER = "$(TEST_HOST)";
				INFOPLIST_FILE = FoodTracker1Tests/Info.plist;
				LD_RUNPATH_SEARCH_PATHS = "$(inherited) @executable_path/Frameworks @loader_path/Frameworks";
				PRODUCT_BUNDLE_IDENTIFIER = kerrytoonen.FoodTracker1Tests;
				PRODUCT_NAME = "$(TARGET_NAME)";
				TEST_HOST = "$(BUILT_PRODUCTS_DIR)/FoodTracker1.app/FoodTracker1";
			};
			name = Debug;
		};
		AB7CDF441C72538D000C9C74 /* Release */ = {
			isa = XCBuildConfiguration;
			buildSettings = {
				BUNDLE_LOADER = "$(TEST_HOST)";
				INFOPLIST_FILE = FoodTracker1Tests/Info.plist;
				LD_RUNPATH_SEARCH_PATHS = "$(inherited) @executable_path/Frameworks @loader_path/Frameworks";
				PRODUCT_BUNDLE_IDENTIFIER = kerrytoonen.FoodTracker1Tests;
				PRODUCT_NAME = "$(TARGET_NAME)";
				TEST_HOST = "$(BUILT_PRODUCTS_DIR)/FoodTracker1.app/FoodTracker1";
			};
			name = Release;
		};
/* End XCBuildConfiguration section */

/* Begin XCConfigurationList section */
		AB7CDF1D1C72538D000C9C74 /* Build configuration list for PBXProject "FoodTracker1" */ = {
			isa = XCConfigurationList;
			buildConfigurations = (
				AB7CDF3D1C72538D000C9C74 /* Debug */,
				AB7CDF3E1C72538D000C9C74 /* Release */,
			);
			defaultConfigurationIsVisible = 0;
			defaultConfigurationName = Release;
		};
		AB7CDF3F1C72538D000C9C74 /* Build configuration list for PBXNativeTarget "FoodTracker1" */ = {
			isa = XCConfigurationList;
			buildConfigurations = (
				AB7CDF401C72538D000C9C74 /* Debug */,
				AB7CDF411C72538D000C9C74 /* Release */,
			);
			defaultConfigurationIsVisible = 0;
		};
		AB7CDF421C72538D000C9C74 /* Build configuration list for PBXNativeTarget "FoodTracker1Tests" */ = {
			isa = XCConfigurationList;
			buildConfigurations = (
				AB7CDF431C72538D000C9C74 /* Debug */,
				AB7CDF441C72538D000C9C74 /* Release */,
			);
			defaultConfigurationIsVisible = 0;
		};
/* End XCConfigurationList section */
	};
	rootObject = AB7CDF1A1C72538D000C9C74 /* Project object */;
}
